
Microsoft Visual Studio Solution File, Format Version 12.00
# Visual Studio Version 17
VisualStudioVersion = 17.13.35825.156 d17.13
MinimumVisualStudioVersion = 10.0.40219.1
Project("{FAE04EC0-301F-11D3-BF4B-00C04F79EFBC}") = "18.  SortingAlgorithms(Bubble Sort, Selection Sort)", "18.  SortingAlgorithms(Bubble Sort, Selection Sort).csproj", "{78419FDA-6D89-4AFC-8E0B-F2773A4874E1}"
EndProject
Global
	GlobalSection(SolutionConfigurationPlatforms) = preSolution
		Debug|Any CPU = Debug|Any CPU
		Release|Any CPU = Release|Any CPU
	EndGlobalSection
	GlobalSection(ProjectConfigurationPlatforms) = postSolution
		{78419FDA-6D89-4AFC-8E0B-F2773A4874E1}.Debug|Any CPU.ActiveCfg = Debug|Any CPU
		{78419FDA-6D89-4AFC-8E0B-F2773A4874E1}.Debug|Any CPU.Build.0 = Debug|Any CPU
		{78419FDA-6D89-4AFC-8E0B-F2773A4874E1}.Release|Any CPU.ActiveCfg = Release|Any CPU
		{78419FDA-6D89-4AFC-8E0B-F2773A4874E1}.Release|Any CPU.Build.0 = Release|Any CPU
	EndGlobalSection
	GlobalSection(SolutionProperties) = preSolution
		HideSolutionNode = FALSE
	EndGlobalSection
	GlobalSection(ExtensibilityGlobals) = postSolution
		SolutionGuid = {12F48736-1D3D-44AF-8CFE-F7C0BD3E85C5}
	EndGlobalSection
EndGlobal
