
Microsoft Visual Studio Solution File, Format Version 12.00
# Visual Studio Version 17
VisualStudioVersion = 17.13.35825.156 d17.13
MinimumVisualStudioVersion = 10.0.40219.1
Project("{FAE04EC0-301F-11D3-BF4B-00C04F79EFBC}") = "test", "test.csproj", "{9B8BF4F3-95E3-47FC-8D51-ADF4360BBE5D}"
EndProject
Global
	GlobalSection(SolutionConfigurationPlatforms) = preSolution
		Debug|Any CPU = Debug|Any CPU
		Release|Any CPU = Release|Any CPU
	EndGlobalSection
	GlobalSection(ProjectConfigurationPlatforms) = postSolution
		{9B8BF4F3-95E3-47FC-8D51-ADF4360BBE5D}.Debug|Any CPU.ActiveCfg = Debug|Any CPU
		{9B8BF4F3-95E3-47FC-8D51-ADF4360BBE5D}.Debug|Any CPU.Build.0 = Debug|Any CPU
		{9B8BF4F3-95E3-47FC-8D51-ADF4360BBE5D}.Release|Any CPU.ActiveCfg = Release|Any CPU
		{9B8BF4F3-95E3-47FC-8D51-ADF4360BBE5D}.Release|Any CPU.Build.0 = Release|Any CPU
	EndGlobalSection
	GlobalSection(SolutionProperties) = preSolution
		HideSolutionNode = FALSE
	EndGlobalSection
	GlobalSection(ExtensibilityGlobals) = postSolution
		SolutionGuid = {04D67430-CDC3-489C-ABB2-B247DD37DE78}
	EndGlobalSection
EndGlobal
