
Microsoft Visual Studio Solution File, Format Version 12.00
# Visual Studio Version 17
VisualStudioVersion = 17.13.35825.156 d17.13
MinimumVisualStudioVersion = 10.0.40219.1
Project("{FAE04EC0-301F-11D3-BF4B-00C04F79EFBC}") = "16.1 LeetCodeProblem", "16.1 LeetCodeProblem.csproj", "{C46AB29E-C455-4421-8C68-2950AE479CA0}"
EndProject
Global
	GlobalSection(SolutionConfigurationPlatforms) = preSolution
		Debug|Any CPU = Debug|Any CPU
		Release|Any CPU = Release|Any CPU
	EndGlobalSection
	GlobalSection(ProjectConfigurationPlatforms) = postSolution
		{C46AB29E-C455-4421-8C68-2950AE479CA0}.Debug|Any CPU.ActiveCfg = Debug|Any CPU
		{C46AB29E-C455-4421-8C68-2950AE479CA0}.Debug|Any CPU.Build.0 = Debug|Any CPU
		{C46AB29E-C455-4421-8C68-2950AE479CA0}.Release|Any CPU.ActiveCfg = Release|Any CPU
		{C46AB29E-C455-4421-8C68-2950AE479CA0}.Release|Any CPU.Build.0 = Release|Any CPU
	EndGlobalSection
	GlobalSection(SolutionProperties) = preSolution
		HideSolutionNode = FALSE
	EndGlobalSection
	GlobalSection(ExtensibilityGlobals) = postSolution
		SolutionGuid = {AD5B0940-5911-48E1-875F-E0B680D74DF5}
	EndGlobalSection
EndGlobal
