
Microsoft Visual Studio Solution File, Format Version 12.00
# Visual Studio Version 17
VisualStudioVersion = 17.13.35825.156 d17.13
MinimumVisualStudioVersion = 10.0.40219.1
Project("{FAE04EC0-301F-11D3-BF4B-00C04F79EFBC}") = "16. FirstLeetCodeProblem", "16. FirstLeetCodeProblem.csproj", "{BA5BDA6A-272A-43B9-971E-D08DEB73F3DC}"
EndProject
Global
	GlobalSection(SolutionConfigurationPlatforms) = preSolution
		Debug|Any CPU = Debug|Any CPU
		Release|Any CPU = Release|Any CPU
	EndGlobalSection
	GlobalSection(ProjectConfigurationPlatforms) = postSolution
		{BA5BDA6A-272A-43B9-971E-D08DEB73F3DC}.Debug|Any CPU.ActiveCfg = Debug|Any CPU
		{BA5BDA6A-272A-43B9-971E-D08DEB73F3DC}.Debug|Any CPU.Build.0 = Debug|Any CPU
		{BA5BDA6A-272A-43B9-971E-D08DEB73F3DC}.Release|Any CPU.ActiveCfg = Release|Any CPU
		{BA5BDA6A-272A-43B9-971E-D08DEB73F3DC}.Release|Any CPU.Build.0 = Release|Any CPU
	EndGlobalSection
	GlobalSection(SolutionProperties) = preSolution
		HideSolutionNode = FALSE
	EndGlobalSection
	GlobalSection(ExtensibilityGlobals) = postSolution
		SolutionGuid = {2D138C93-9451-498C-9BA8-F94914F3D139}
	EndGlobalSection
EndGlobal
