
Microsoft Visual Studio Solution File, Format Version 12.00
# Visual Studio Version 17
VisualStudioVersion = 17.13.35825.156 d17.13
MinimumVisualStudioVersion = 10.0.40219.1
Project("{FAE04EC0-301F-11D3-BF4B-00C04F79EFBC}") = "9. MiniProject-StudentManagementSystem", "9. MiniProject-StudentManagementSystem.csproj", "{6B0D8C25-20A4-48D4-984E-65F97E9973F0}"
EndProject
Global
	GlobalSection(SolutionConfigurationPlatforms) = preSolution
		Debug|Any CPU = Debug|Any CPU
		Release|Any CPU = Release|Any CPU
	EndGlobalSection
	GlobalSection(ProjectConfigurationPlatforms) = postSolution
		{6B0D8C25-20A4-48D4-984E-65F97E9973F0}.Debug|Any CPU.ActiveCfg = Debug|Any CPU
		{6B0D8C25-20A4-48D4-984E-65F97E9973F0}.Debug|Any CPU.Build.0 = Debug|Any CPU
		{6B0D8C25-20A4-48D4-984E-65F97E9973F0}.Release|Any CPU.ActiveCfg = Release|Any CPU
		{6B0D8C25-20A4-48D4-984E-65F97E9973F0}.Release|Any CPU.Build.0 = Release|Any CPU
	EndGlobalSection
	GlobalSection(SolutionProperties) = preSolution
		HideSolutionNode = FALSE
	EndGlobalSection
	GlobalSection(ExtensibilityGlobals) = postSolution
		SolutionGuid = {0BEFF00D-D8F2-457A-89E7-9819CD7B606B}
	EndGlobalSection
EndGlobal
