
Microsoft Visual Studio Solution File, Format Version 12.00
# Visual Studio Version 17
VisualStudioVersion = 17.13.35825.156 d17.13
MinimumVisualStudioVersion = 10.0.40219.1
Project("{FAE04EC0-301F-11D3-BF4B-00C04F79EFBC}") = "21.2 BuildingLogicalThinkingSumOfDigits", "21.2 BuildingLogicalThinkingSumOfDigits.csproj", "{284ED647-69F9-4E21-BA61-873D1C969E84}"
EndProject
Global
	GlobalSection(SolutionConfigurationPlatforms) = preSolution
		Debug|Any CPU = Debug|Any CPU
		Release|Any CPU = Release|Any CPU
	EndGlobalSection
	GlobalSection(ProjectConfigurationPlatforms) = postSolution
		{284ED647-69F9-4E21-BA61-873D1C969E84}.Debug|Any CPU.ActiveCfg = Debug|Any CPU
		{284ED647-69F9-4E21-BA61-873D1C969E84}.Debug|Any CPU.Build.0 = Debug|Any CPU
		{284ED647-69F9-4E21-BA61-873D1C969E84}.Release|Any CPU.ActiveCfg = Release|Any CPU
		{284ED647-69F9-4E21-BA61-873D1C969E84}.Release|Any CPU.Build.0 = Release|Any CPU
	EndGlobalSection
	GlobalSection(SolutionProperties) = preSolution
		HideSolutionNode = FALSE
	EndGlobalSection
	GlobalSection(ExtensibilityGlobals) = postSolution
		SolutionGuid = {145CDD34-97EE-48C3-A6CA-3EE79C071BD3}
	EndGlobalSection
EndGlobal
