
Microsoft Visual Studio Solution File, Format Version 12.00
# Visual Studio Version 17
VisualStudioVersion = 17.13.35825.156 d17.13
MinimumVisualStudioVersion = 10.0.40219.1
Project("{FAE04EC0-301F-11D3-BF4B-00C04F79EFBC}") = "10. UnderstandingAlgorithms&Problem-Solving", "10. UnderstandingAlgorithms&Problem-Solving.csproj", "{6CC6DC69-6694-4575-8E5D-BE825C0F7729}"
EndProject
Global
	GlobalSection(SolutionConfigurationPlatforms) = preSolution
		Debug|Any CPU = Debug|Any CPU
		Release|Any CPU = Release|Any CPU
	EndGlobalSection
	GlobalSection(ProjectConfigurationPlatforms) = postSolution
		{6CC6DC69-6694-4575-8E5D-BE825C0F7729}.Debug|Any CPU.ActiveCfg = Debug|Any CPU
		{6CC6DC69-6694-4575-8E5D-BE825C0F7729}.Debug|Any CPU.Build.0 = Debug|Any CPU
		{6CC6DC69-6694-4575-8E5D-BE825C0F7729}.Release|Any CPU.ActiveCfg = Release|Any CPU
		{6CC6DC69-6694-4575-8E5D-BE825C0F7729}.Release|Any CPU.Build.0 = Release|Any CPU
	EndGlobalSection
	GlobalSection(SolutionProperties) = preSolution
		HideSolutionNode = FALSE
	EndGlobalSection
	GlobalSection(ExtensibilityGlobals) = postSolution
		SolutionGuid = {550B9127-F5F3-474D-87B9-D9D6DD710F08}
	EndGlobalSection
EndGlobal
