
Microsoft Visual Studio Solution File, Format Version 12.00
# Visual Studio Version 17
VisualStudioVersion = 17.13.35825.156 d17.13
MinimumVisualStudioVersion = 10.0.40219.1
Project("{FAE04EC0-301F-11D3-BF4B-00C04F79EFBC}") = "19. RecursionBasics", "19. RecursionBasics.csproj", "{C5F8BA13-94DD-43AB-8039-3083C95EB07A}"
EndProject
Global
	GlobalSection(SolutionConfigurationPlatforms) = preSolution
		Debug|Any CPU = Debug|Any CPU
		Release|Any CPU = Release|Any CPU
	EndGlobalSection
	GlobalSection(ProjectConfigurationPlatforms) = postSolution
		{C5F8BA13-94DD-43AB-8039-3083C95EB07A}.Debug|Any CPU.ActiveCfg = Debug|Any CPU
		{C5F8BA13-94DD-43AB-8039-3083C95EB07A}.Debug|Any CPU.Build.0 = Debug|Any CPU
		{C5F8BA13-94DD-43AB-8039-3083C95EB07A}.Release|Any CPU.ActiveCfg = Release|Any CPU
		{C5F8BA13-94DD-43AB-8039-3083C95EB07A}.Release|Any CPU.Build.0 = Release|Any CPU
	EndGlobalSection
	GlobalSection(SolutionProperties) = preSolution
		HideSolutionNode = FALSE
	EndGlobalSection
	GlobalSection(ExtensibilityGlobals) = postSolution
		SolutionGuid = {840FAF81-2DFA-44DE-9B0E-F625DFD1521B}
	EndGlobalSection
EndGlobal
