
Microsoft Visual Studio Solution File, Format Version 12.00
# Visual Studio Version 17
VisualStudioVersion = 17.13.35825.156 d17.13
MinimumVisualStudioVersion = 10.0.40219.1
Project("{FAE04EC0-301F-11D3-BF4B-00C04F79EFBC}") = "14. LoopsInProblem-Solving(PracticeTask)", "14. LoopsInProblem-Solving(PracticeTask).csproj", "{E0E48541-C4C9-40CD-A288-F872A9396663}"
EndProject
Global
	GlobalSection(SolutionConfigurationPlatforms) = preSolution
		Debug|Any CPU = Debug|Any CPU
		Release|Any CPU = Release|Any CPU
	EndGlobalSection
	GlobalSection(ProjectConfigurationPlatforms) = postSolution
		{E0E48541-C4C9-40CD-A288-F872A9396663}.Debug|Any CPU.ActiveCfg = Debug|Any CPU
		{E0E48541-C4C9-40CD-A288-F872A9396663}.Debug|Any CPU.Build.0 = Debug|Any CPU
		{E0E48541-C4C9-40CD-A288-F872A9396663}.Release|Any CPU.ActiveCfg = Release|Any CPU
		{E0E48541-C4C9-40CD-A288-F872A9396663}.Release|Any CPU.Build.0 = Release|Any CPU
	EndGlobalSection
	GlobalSection(SolutionProperties) = preSolution
		HideSolutionNode = FALSE
	EndGlobalSection
	GlobalSection(ExtensibilityGlobals) = postSolution
		SolutionGuid = {C069564A-BE0F-4FDE-AF16-443BDEA2360F}
	EndGlobalSection
EndGlobal
